// !$*UTF8*$!
{
	archiveVersion = 1;
	classes = {
	};
	objectVersion = 46;
	objects = {

/* Begin PBXBuildFile section */
		579144D95AD92340C29732D4 /* libPods-SensorPlots.a in Frameworks */ = {isa = PBXBuildFile; fileRef = FCF8C5865A6302D1C0B514D8 /* libPods-SensorPlots.a */; };
		740B6EAD1C89C7B600173D3D /* SPTGpsVC.m in Sources */ = {isa = PBXBuildFile; fileRef = 740B6EAC1C89C7B600173D3D /* SPTGpsVC.m */; };
		742026811C65E77B00CF262F /* SensorPlots.xcdatamodeld in Sources */ = {isa = PBXBuildFile; fileRef = 7420267F1C65E77B00CF262F /* SensorPlots.xcdatamodeld */; };
		7422D94E1D5F137100B3DDEF /* SPTSettingsTVC.m in Sources */ = {isa = PBXBuildFile; fileRef = 7422D94D1D5F137100B3DDEF /* SPTSettingsTVC.m */; };
		742D5DA11C66C521005727F9 /* ATSensorData.m in Sources */ = {isa = PBXBuildFile; fileRef = 742D5DA01C66C521005727F9 /* ATSensorData.m */; };
		742D5DA41C67C8D7005727F9 /* SPTConstants.m in Sources */ = {isa = PBXBuildFile; fileRef = 742D5DA31C67C8D7005727F9 /* SPTConstants.m */; };
		743014DA1C6118760039DCA7 /* main.m in Sources */ = {isa = PBXBuildFile; fileRef = 743014D91C6118760039DCA7 /* main.m */; };
		743014DD1C6118760039DCA7 /* AppDelegate.m in Sources */ = {isa = PBXBuildFile; fileRef = 743014DC1C6118760039DCA7 /* AppDelegate.m */; };
		743014E31C6118760039DCA7 /* Main.storyboard in Resources */ = {isa = PBXBuildFile; fileRef = 743014E11C6118760039DCA7 /* Main.storyboard */; };
		743014E81C6118760039DCA7 /* Assets.xcassets in Resources */ = {isa = PBXBuildFile; fileRef = 743014E71C6118760039DCA7 /* Assets.xcassets */; };
		743014EB1C6118760039DCA7 /* LaunchScreen.storyboard in Resources */ = {isa = PBXBuildFile; fileRef = 743014E91C6118760039DCA7 /* LaunchScreen.storyboard */; };
		743014F41C612CA40039DCA7 /* SPTAccelerometerVC.m in Sources */ = {isa = PBXBuildFile; fileRef = 743014F31C612CA40039DCA7 /* SPTAccelerometerVC.m */; };
		743014FB1C612D0A0039DCA7 /* SPTGyroVC.m in Sources */ = {isa = PBXBuildFile; fileRef = 743014FA1C612D0A0039DCA7 /* SPTGyroVC.m */; };
		743015141C6190E20039DCA7 /* MessageUI.framework in Frameworks */ = {isa = PBXBuildFile; fileRef = 743015131C6190E20039DCA7 /* MessageUI.framework */; };
		745A636F1D0DC2A8002CBCAD /* MapKit.framework in Frameworks */ = {isa = PBXBuildFile; fileRef = 745A636E1D0DC2A8002CBCAD /* MapKit.framework */; };
		746C56361C625337005984E2 /* ATAccelerometerMotionManager.m in Sources */ = {isa = PBXBuildFile; fileRef = 746C56351C625337005984E2 /* ATAccelerometerMotionManager.m */; };
		746DD2FE1C63CD8700200320 /* ATGyroMotionManager.m in Sources */ = {isa = PBXBuildFile; fileRef = 746DD2FD1C63CD8700200320 /* ATGyroMotionManager.m */; };
		746DD30F1C63E5B500200320 /* ATMagnetoMotionManager.m in Sources */ = {isa = PBXBuildFile; fileRef = 746DD30E1C63E5B500200320 /* ATMagnetoMotionManager.m */; };
		746DD3131C63FA8C00200320 /* SPTMagnetoVC.m in Sources */ = {isa = PBXBuildFile; fileRef = 746DD3121C63FA8C00200320 /* SPTMagnetoVC.m */; };
		746DD31C1C642CC000200320 /* SPTScatterPlotGraph.m in Sources */ = {isa = PBXBuildFile; fileRef = 746DD31B1C642CC000200320 /* SPTScatterPlotGraph.m */; };
		746DD31F1C6486F500200320 /* ATOUtilities.m in Sources */ = {isa = PBXBuildFile; fileRef = 746DD31E1C6486F500200320 /* ATOUtilities.m */; };
		749A38711C6567C70061FF91 /* SPTAcclerometerRecordVC.m in Sources */ = {isa = PBXBuildFile; fileRef = 749A38701C6567C70061FF91 /* SPTAcclerometerRecordVC.m */; };
		74ADD60B1EE3566400DD3066 /* AdSupport.framework in Frameworks */ = {isa = PBXBuildFile; fileRef = 74ADD60A1EE3566400DD3066 /* AdSupport.framework */; };
		74AF85E71C69B5D900002B5F /* GoogleService-Info.plist in Resources */ = {isa = PBXBuildFile; fileRef = 74AF85E61C69B5D900002B5F /* GoogleService-Info.plist */; };
		74DBED541E10F35B0021C3A9 /* LocationSummary+CoreDataClass.m in Sources */ = {isa = PBXBuildFile; fileRef = 74DBED351E10F35B0021C3A9 /* LocationSummary+CoreDataClass.m */; };
		74DBED551E10F35B0021C3A9 /* LocationSummary+CoreDataProperties.m in Sources */ = {isa = PBXBuildFile; fileRef = 74DBED371E10F35B0021C3A9 /* LocationSummary+CoreDataProperties.m */; };
		74DBED561E10F35B0021C3A9 /* MagnetoSummary+CoreDataClass.m in Sources */ = {isa = PBXBuildFile; fileRef = 74DBED391E10F35B0021C3A9 /* MagnetoSummary+CoreDataClass.m */; };
		74DBED571E10F35B0021C3A9 /* MagnetoSummary+CoreDataProperties.m in Sources */ = {isa = PBXBuildFile; fileRef = 74DBED3B1E10F35B0021C3A9 /* MagnetoSummary+CoreDataProperties.m */; };
		74DBED581E10F35B0021C3A9 /* AccelerometerSummary+CoreDataClass.m in Sources */ = {isa = PBXBuildFile; fileRef = 74DBED3D1E10F35B0021C3A9 /* AccelerometerSummary+CoreDataClass.m */; };
		74DBED591E10F35B0021C3A9 /* AccelerometerSummary+CoreDataProperties.m in Sources */ = {isa = PBXBuildFile; fileRef = 74DBED3F1E10F35B0021C3A9 /* AccelerometerSummary+CoreDataProperties.m */; };
		74DBED5A1E10F35B0021C3A9 /* AccelerometerData+CoreDataClass.m in Sources */ = {isa = PBXBuildFile; fileRef = 74DBED411E10F35B0021C3A9 /* AccelerometerData+CoreDataClass.m */; };
		74DBED5B1E10F35B0021C3A9 /* AccelerometerData+CoreDataProperties.m in Sources */ = {isa = PBXBuildFile; fileRef = 74DBED431E10F35B0021C3A9 /* AccelerometerData+CoreDataProperties.m */; };
		74DBED5C1E10F35B0021C3A9 /* GyroData+CoreDataClass.m in Sources */ = {isa = PBXBuildFile; fileRef = 74DBED451E10F35B0021C3A9 /* GyroData+CoreDataClass.m */; };
		74DBED5D1E10F35B0021C3A9 /* GyroData+CoreDataProperties.m in Sources */ = {isa = PBXBuildFile; fileRef = 74DBED471E10F35B0021C3A9 /* GyroData+CoreDataProperties.m */; };
		74DBED5E1E10F35B0021C3A9 /* LocationData+CoreDataClass.m in Sources */ = {isa = PBXBuildFile; fileRef = 74DBED491E10F35B0021C3A9 /* LocationData+CoreDataClass.m */; };
		74DBED5F1E10F35B0021C3A9 /* LocationData+CoreDataProperties.m in Sources */ = {isa = PBXBuildFile; fileRef = 74DBED4B1E10F35B0021C3A9 /* LocationData+CoreDataProperties.m */; };
		74DBED601E10F35B0021C3A9 /* MagnetoData+CoreDataClass.m in Sources */ = {isa = PBXBuildFile; fileRef = 74DBED4D1E10F35B0021C3A9 /* MagnetoData+CoreDataClass.m */; };
		74DBED611E10F35B0021C3A9 /* MagnetoData+CoreDataProperties.m in Sources */ = {isa = PBXBuildFile; fileRef = 74DBED4F1E10F35B0021C3A9 /* MagnetoData+CoreDataProperties.m */; };
		74DBED621E10F35B0021C3A9 /* GyroSummary+CoreDataClass.m in Sources */ = {isa = PBXBuildFile; fileRef = 74DBED511E10F35B0021C3A9 /* GyroSummary+CoreDataClass.m */; };
		74DBED631E10F35B0021C3A9 /* GyroSummary+CoreDataProperties.m in Sources */ = {isa = PBXBuildFile; fileRef = 74DBED531E10F35B0021C3A9 /* GyroSummary+CoreDataProperties.m */; };
/* End PBXBuildFile section */

/* Begin PBXFileReference section */
		6B57EEE32B6F3834F7CEAF1D /* Pods-SensorPlots.debug.xcconfig */ = {isa = PBXFileReference; includeInIndex = 1; lastKnownFileType = text.xcconfig; name = "Pods-SensorPlots.debug.xcconfig"; path = "Pods/Target Support Files/Pods-SensorPlots/Pods-SensorPlots.debug.xcconfig"; sourceTree = "<group>"; };
		7405ECE21D0CE78E00E532E4 /* SensorPlots 2.xcdatamodel */ = {isa = PBXFileReference; lastKnownFileType = wrapper.xcdatamodel; path = "SensorPlots 2.xcdatamodel"; sourceTree = "<group>"; };
		740B6EAB1C89C7B600173D3D /* SPTGpsVC.h */ = {isa = PBXFileReference; fileEncoding = 4; lastKnownFileType = sourcecode.c.h; name = SPTGpsVC.h; path = ViewControllers/SPTGpsVC.h; sourceTree = "<group>"; };
		740B6EAC1C89C7B600173D3D /* SPTGpsVC.m */ = {isa = PBXFileReference; fileEncoding = 4; lastKnownFileType = sourcecode.c.objc; name = SPTGpsVC.m; path = ViewControllers/SPTGpsVC.m; sourceTree = "<group>"; };
		742026801C65E77B00CF262F /* SensorPlots.xcdatamodel */ = {isa = PBXFileReference; lastKnownFileType = wrapper.xcdatamodel; path = SensorPlots.xcdatamodel; sourceTree = "<group>"; };
		7422D94C1D5F137100B3DDEF /* SPTSettingsTVC.h */ = {isa = PBXFileReference; fileEncoding = 4; lastKnownFileType = sourcecode.c.h; name = SPTSettingsTVC.h; path = ViewControllers/SPTSettingsTVC.h; sourceTree = "<group>"; };
		7422D94D1D5F137100B3DDEF /* SPTSettingsTVC.m */ = {isa = PBXFileReference; fileEncoding = 4; lastKnownFileType = sourcecode.c.objc; name = SPTSettingsTVC.m; path = ViewControllers/SPTSettingsTVC.m; sourceTree = "<group>"; };
		742D5D9F1C66C521005727F9 /* ATSensorData.h */ = {isa = PBXFileReference; fileEncoding = 4; lastKnownFileType = sourcecode.c.h; name = ATSensorData.h; path = SensorModels/ATSensorData.h; sourceTree = "<group>"; };
		742D5DA01C66C521005727F9 /* ATSensorData.m */ = {isa = PBXFileReference; fileEncoding = 4; lastKnownFileType = sourcecode.c.objc; name = ATSensorData.m; path = SensorModels/ATSensorData.m; sourceTree = "<group>"; };
		742D5DA21C67C8D7005727F9 /* SPTConstants.h */ = {isa = PBXFileReference; fileEncoding = 4; lastKnownFileType = sourcecode.c.h; name = SPTConstants.h; path = Utilities/SPTConstants.h; sourceTree = "<group>"; };
		742D5DA31C67C8D7005727F9 /* SPTConstants.m */ = {isa = PBXFileReference; fileEncoding = 4; lastKnownFileType = sourcecode.c.objc; name = SPTConstants.m; path = Utilities/SPTConstants.m; sourceTree = "<group>"; };
		743014D51C6118760039DCA7 /* SensorPlots.app */ = {isa = PBXFileReference; explicitFileType = wrapper.application; includeInIndex = 0; path = SensorPlots.app; sourceTree = BUILT_PRODUCTS_DIR; };
		743014D91C6118760039DCA7 /* main.m */ = {isa = PBXFileReference; lastKnownFileType = sourcecode.c.objc; path = main.m; sourceTree = "<group>"; };
		743014DB1C6118760039DCA7 /* AppDelegate.h */ = {isa = PBXFileReference; lastKnownFileType = sourcecode.c.h; path = AppDelegate.h; sourceTree = "<group>"; };
		743014DC1C6118760039DCA7 /* AppDelegate.m */ = {isa = PBXFileReference; lastKnownFileType = sourcecode.c.objc; path = AppDelegate.m; sourceTree = "<group>"; };
		743014E21C6118760039DCA7 /* Base */ = {isa = PBXFileReference; lastKnownFileType = file.storyboard; name = Base; path = Base.lproj/Main.storyboard; sourceTree = "<group>"; };
		743014E71C6118760039DCA7 /* Assets.xcassets */ = {isa = PBXFileReference; lastKnownFileType = folder.assetcatalog; path = Assets.xcassets; sourceTree = "<group>"; };
		743014EA1C6118760039DCA7 /* Base */ = {isa = PBXFileReference; lastKnownFileType = file.storyboard; name = Base; path = Base.lproj/LaunchScreen.storyboard; sourceTree = "<group>"; };
		743014EC1C6118760039DCA7 /* Info.plist */ = {isa = PBXFileReference; lastKnownFileType = text.plist.xml; path = Info.plist; sourceTree = "<group>"; };
		743014F21C612CA40039DCA7 /* SPTAccelerometerVC.h */ = {isa = PBXFileReference; fileEncoding = 4; lastKnownFileType = sourcecode.c.h; name = SPTAccelerometerVC.h; path = ViewControllers/SPTAccelerometerVC.h; sourceTree = "<group>"; };
		743014F31C612CA40039DCA7 /* SPTAccelerometerVC.m */ = {isa = PBXFileReference; fileEncoding = 4; lastKnownFileType = sourcecode.c.objc; name = SPTAccelerometerVC.m; path = ViewControllers/SPTAccelerometerVC.m; sourceTree = "<group>"; };
		743014F91C612D0A0039DCA7 /* SPTGyroVC.h */ = {isa = PBXFileReference; fileEncoding = 4; lastKnownFileType = sourcecode.c.h; name = SPTGyroVC.h; path = ViewControllers/SPTGyroVC.h; sourceTree = "<group>"; };
		743014FA1C612D0A0039DCA7 /* SPTGyroVC.m */ = {isa = PBXFileReference; fileEncoding = 4; lastKnownFileType = sourcecode.c.objc; name = SPTGyroVC.m; path = ViewControllers/SPTGyroVC.m; sourceTree = "<group>"; };
		743015131C6190E20039DCA7 /* MessageUI.framework */ = {isa = PBXFileReference; lastKnownFileType = wrapper.framework; name = MessageUI.framework; path = System/Library/Frameworks/MessageUI.framework; sourceTree = SDKROOT; };
		744032271D864C02000AA9A7 /* SensorPlots 3.xcdatamodel */ = {isa = PBXFileReference; lastKnownFileType = wrapper.xcdatamodel; path = "SensorPlots 3.xcdatamodel"; sourceTree = "<group>"; };
		745A636E1D0DC2A8002CBCAD /* MapKit.framework */ = {isa = PBXFileReference; lastKnownFileType = wrapper.framework; name = MapKit.framework; path = System/Library/Frameworks/MapKit.framework; sourceTree = SDKROOT; };
		746C56341C625337005984E2 /* ATAccelerometerMotionManager.h */ = {isa = PBXFileReference; fileEncoding = 4; lastKnownFileType = sourcecode.c.h; name = ATAccelerometerMotionManager.h; path = SensorModels/ATAccelerometerMotionManager.h; sourceTree = "<group>"; };
		746C56351C625337005984E2 /* ATAccelerometerMotionManager.m */ = {isa = PBXFileReference; fileEncoding = 4; lastKnownFileType = sourcecode.c.objc; name = ATAccelerometerMotionManager.m; path = SensorModels/ATAccelerometerMotionManager.m; sourceTree = "<group>"; };
		746C56371C625722005984E2 /* ATSMotionAccelerometerManagerDelegate.h */ = {isa = PBXFileReference; fileEncoding = 4; lastKnownFileType = sourcecode.c.h; path = ATSMotionAccelerometerManagerDelegate.h; sourceTree = "<group>"; };
		746DD2FC1C63CD8700200320 /* ATGyroMotionManager.h */ = {isa = PBXFileReference; fileEncoding = 4; lastKnownFileType = sourcecode.c.h; name = ATGyroMotionManager.h; path = SensorModels/ATGyroMotionManager.h; sourceTree = "<group>"; };
		746DD2FD1C63CD8700200320 /* ATGyroMotionManager.m */ = {isa = PBXFileReference; fileEncoding = 4; lastKnownFileType = sourcecode.c.objc; name = ATGyroMotionManager.m; path = SensorModels/ATGyroMotionManager.m; sourceTree = "<group>"; };
		746DD3001C63DCEA00200320 /* ATGyroMotionManagerDelegate.h */ = {isa = PBXFileReference; fileEncoding = 4; lastKnownFileType = sourcecode.c.h; name = ATGyroMotionManagerDelegate.h; path = SensorModels/ATGyroMotionManagerDelegate.h; sourceTree = "<group>"; };
		746DD30D1C63E5B500200320 /* ATMagnetoMotionManager.h */ = {isa = PBXFileReference; fileEncoding = 4; lastKnownFileType = sourcecode.c.h; name = ATMagnetoMotionManager.h; path = SensorModels/ATMagnetoMotionManager.h; sourceTree = "<group>"; };
		746DD30E1C63E5B500200320 /* ATMagnetoMotionManager.m */ = {isa = PBXFileReference; fileEncoding = 4; lastKnownFileType = sourcecode.c.objc; name = ATMagnetoMotionManager.m; path = SensorModels/ATMagnetoMotionManager.m; sourceTree = "<group>"; };
		746DD3101C63E5D400200320 /* ATMagnetoMotionManagerDelegate.h */ = {isa = PBXFileReference; fileEncoding = 4; lastKnownFileType = sourcecode.c.h; name = ATMagnetoMotionManagerDelegate.h; path = SensorModels/ATMagnetoMotionManagerDelegate.h; sourceTree = "<group>"; };
		746DD3111C63FA8C00200320 /* SPTMagnetoVC.h */ = {isa = PBXFileReference; fileEncoding = 4; lastKnownFileType = sourcecode.c.h; name = SPTMagnetoVC.h; path = ViewControllers/SPTMagnetoVC.h; sourceTree = "<group>"; };
		746DD3121C63FA8C00200320 /* SPTMagnetoVC.m */ = {isa = PBXFileReference; fileEncoding = 4; lastKnownFileType = sourcecode.c.objc; name = SPTMagnetoVC.m; path = ViewControllers/SPTMagnetoVC.m; sourceTree = "<group>"; };
		746DD31A1C642CC000200320 /* SPTScatterPlotGraph.h */ = {isa = PBXFileReference; fileEncoding = 4; lastKnownFileType = sourcecode.c.h; name = SPTScatterPlotGraph.h; path = Utilities/SPTScatterPlotGraph.h; sourceTree = "<group>"; };
		746DD31B1C642CC000200320 /* SPTScatterPlotGraph.m */ = {isa = PBXFileReference; fileEncoding = 4; lastKnownFileType = sourcecode.c.objc; name = SPTScatterPlotGraph.m; path = Utilities/SPTScatterPlotGraph.m; sourceTree = "<group>"; };
		746DD31D1C6486F500200320 /* ATOUtilities.h */ = {isa = PBXFileReference; fileEncoding = 4; lastKnownFileType = sourcecode.c.h; name = ATOUtilities.h; path = Utilities/ATOUtilities.h; sourceTree = "<group>"; };
		746DD31E1C6486F500200320 /* ATOUtilities.m */ = {isa = PBXFileReference; fileEncoding = 4; lastKnownFileType = sourcecode.c.objc; name = ATOUtilities.m; path = Utilities/ATOUtilities.m; sourceTree = "<group>"; };
		749A386F1C6567C70061FF91 /* SPTAcclerometerRecordVC.h */ = {isa = PBXFileReference; fileEncoding = 4; lastKnownFileType = sourcecode.c.h; name = SPTAcclerometerRecordVC.h; path = ViewControllers/SPTAcclerometerRecordVC.h; sourceTree = "<group>"; };
		749A38701C6567C70061FF91 /* SPTAcclerometerRecordVC.m */ = {isa = PBXFileReference; fileEncoding = 4; lastKnownFileType = sourcecode.c.objc; name = SPTAcclerometerRecordVC.m; path = ViewControllers/SPTAcclerometerRecordVC.m; sourceTree = "<group>"; };
		74ADD60A1EE3566400DD3066 /* AdSupport.framework */ = {isa = PBXFileReference; lastKnownFileType = wrapper.framework; name = AdSupport.framework; path = System/Library/Frameworks/AdSupport.framework; sourceTree = SDKROOT; };
		74AF85E61C69B5D900002B5F /* GoogleService-Info.plist */ = {isa = PBXFileReference; fileEncoding = 4; lastKnownFileType = text.plist.xml; path = "GoogleService-Info.plist"; sourceTree = "<group>"; };
		74DBED341E10F35B0021C3A9 /* LocationSummary+CoreDataClass.h */ = {isa = PBXFileReference; fileEncoding = 4; lastKnownFileType = sourcecode.c.h; name = "LocationSummary+CoreDataClass.h"; path = "SensorPlots/CoreData/LocationSummary+CoreDataClass.h"; sourceTree = "<group>"; };
		74DBED351E10F35B0021C3A9 /* LocationSummary+CoreDataClass.m */ = {isa = PBXFileReference; fileEncoding = 4; lastKnownFileType = sourcecode.c.objc; name = "LocationSummary+CoreDataClass.m"; path = "SensorPlots/CoreData/LocationSummary+CoreDataClass.m"; sourceTree = "<group>"; };
		74DBED361E10F35B0021C3A9 /* LocationSummary+CoreDataProperties.h */ = {isa = PBXFileReference; fileEncoding = 4; lastKnownFileType = sourcecode.c.h; name = "LocationSummary+CoreDataProperties.h"; path = "SensorPlots/CoreData/LocationSummary+CoreDataProperties.h"; sourceTree = "<group>"; };
		74DBED371E10F35B0021C3A9 /* LocationSummary+CoreDataProperties.m */ = {isa = PBXFileReference; fileEncoding = 4; lastKnownFileType = sourcecode.c.objc; name = "LocationSummary+CoreDataProperties.m"; path = "SensorPlots/CoreData/LocationSummary+CoreDataProperties.m"; sourceTree = "<group>"; };
		74DBED381E10F35B0021C3A9 /* MagnetoSummary+CoreDataClass.h */ = {isa = PBXFileReference; fileEncoding = 4; lastKnownFileType = sourcecode.c.h; name = "MagnetoSummary+CoreDataClass.h"; path = "SensorPlots/CoreData/MagnetoSummary+CoreDataClass.h"; sourceTree = "<group>"; };
		74DBED391E10F35B0021C3A9 /* MagnetoSummary+CoreDataClass.m */ = {isa = PBXFileReference; fileEncoding = 4; lastKnownFileType = sourcecode.c.objc; name = "MagnetoSummary+CoreDataClass.m"; path = "SensorPlots/CoreData/MagnetoSummary+CoreDataClass.m"; sourceTree = "<group>"; };
		74DBED3A1E10F35B0021C3A9 /* MagnetoSummary+CoreDataProperties.h */ = {isa = PBXFileReference; fileEncoding = 4; lastKnownFileType = sourcecode.c.h; name = "MagnetoSummary+CoreDataProperties.h"; path = "SensorPlots/CoreData/MagnetoSummary+CoreDataProperties.h"; sourceTree = "<group>"; };
		74DBED3B1E10F35B0021C3A9 /* MagnetoSummary+CoreDataProperties.m */ = {isa = PBXFileReference; fileEncoding = 4; lastKnownFileType = sourcecode.c.objc; name = "MagnetoSummary+CoreDataProperties.m"; path = "SensorPlots/CoreData/MagnetoSummary+CoreDataProperties.m"; sourceTree = "<group>"; };
		74DBED3C1E10F35B0021C3A9 /* AccelerometerSummary+CoreDataClass.h */ = {isa = PBXFileReference; fileEncoding = 4; lastKnownFileType = sourcecode.c.h; name = "AccelerometerSummary+CoreDataClass.h"; path = "SensorPlots/CoreData/AccelerometerSummary+CoreDataClass.h"; sourceTree = "<group>"; };
		74DBED3D1E10F35B0021C3A9 /* AccelerometerSummary+CoreDataClass.m */ = {isa = PBXFileReference; fileEncoding = 4; lastKnownFileType = sourcecode.c.objc; name = "AccelerometerSummary+CoreDataClass.m"; path = "SensorPlots/CoreData/AccelerometerSummary+CoreDataClass.m"; sourceTree = "<group>"; };
		74DBED3E1E10F35B0021C3A9 /* AccelerometerSummary+CoreDataProperties.h */ = {isa = PBXFileReference; fileEncoding = 4; lastKnownFileType = sourcecode.c.h; name = "AccelerometerSummary+CoreDataProperties.h"; path = "SensorPlots/CoreData/AccelerometerSummary+CoreDataProperties.h"; sourceTree = "<group>"; };
		74DBED3F1E10F35B0021C3A9 /* AccelerometerSummary+CoreDataProperties.m */ = {isa = PBXFileReference; fileEncoding = 4; lastKnownFileType = sourcecode.c.objc; name = "AccelerometerSummary+CoreDataProperties.m"; path = "SensorPlots/CoreData/AccelerometerSummary+CoreDataProperties.m"; sourceTree = "<group>"; };
		74DBED401E10F35B0021C3A9 /* AccelerometerData+CoreDataClass.h */ = {isa = PBXFileReference; fileEncoding = 4; lastKnownFileType = sourcecode.c.h; name = "AccelerometerData+CoreDataClass.h"; path = "SensorPlots/CoreData/AccelerometerData+CoreDataClass.h"; sourceTree = "<group>"; };
		74DBED411E10F35B0021C3A9 /* AccelerometerData+CoreDataClass.m */ = {isa = PBXFileReference; fileEncoding = 4; lastKnownFileType = sourcecode.c.objc; name = "AccelerometerData+CoreDataClass.m"; path = "SensorPlots/CoreData/AccelerometerData+CoreDataClass.m"; sourceTree = "<group>"; };
		74DBED421E10F35B0021C3A9 /* AccelerometerData+CoreDataProperties.h */ = {isa = PBXFileReference; fileEncoding = 4; lastKnownFileType = sourcecode.c.h; name = "AccelerometerData+CoreDataProperties.h"; path = "SensorPlots/CoreData/AccelerometerData+CoreDataProperties.h"; sourceTree = "<group>"; };
		74DBED431E10F35B0021C3A9 /* AccelerometerData+CoreDataProperties.m */ = {isa = PBXFileReference; fileEncoding = 4; lastKnownFileType = sourcecode.c.objc; name = "AccelerometerData+CoreDataProperties.m"; path = "SensorPlots/CoreData/AccelerometerData+CoreDataProperties.m"; sourceTree = "<group>"; };
		74DBED441E10F35B0021C3A9 /* GyroData+CoreDataClass.h */ = {isa = PBXFileReference; fileEncoding = 4; lastKnownFileType = sourcecode.c.h; name = "GyroData+CoreDataClass.h"; path = "SensorPlots/CoreData/GyroData+CoreDataClass.h"; sourceTree = "<group>"; };
		74DBED451E10F35B0021C3A9 /* GyroData+CoreDataClass.m */ = {isa = PBXFileReference; fileEncoding = 4; lastKnownFileType = sourcecode.c.objc; name = "GyroData+CoreDataClass.m"; path = "SensorPlots/CoreData/GyroData+CoreDataClass.m"; sourceTree = "<group>"; };
		74DBED461E10F35B0021C3A9 /* GyroData+CoreDataProperties.h */ = {isa = PBXFileReference; fileEncoding = 4; lastKnownFileType = sourcecode.c.h; name = "GyroData+CoreDataProperties.h"; path = "SensorPlots/CoreData/GyroData+CoreDataProperties.h"; sourceTree = "<group>"; };
		74DBED471E10F35B0021C3A9 /* GyroData+CoreDataProperties.m */ = {isa = PBXFileReference; fileEncoding = 4; lastKnownFileType = sourcecode.c.objc; name = "GyroData+CoreDataProperties.m"; path = "SensorPlots/CoreData/GyroData+CoreDataProperties.m"; sourceTree = "<group>"; };
		74DBED481E10F35B0021C3A9 /* LocationData+CoreDataClass.h */ = {isa = PBXFileReference; fileEncoding = 4; lastKnownFileType = sourcecode.c.h; name = "LocationData+CoreDataClass.h"; path = "SensorPlots/CoreData/LocationData+CoreDataClass.h"; sourceTree = "<group>"; };
		74DBED491E10F35B0021C3A9 /* LocationData+CoreDataClass.m */ = {isa = PBXFileReference; fileEncoding = 4; lastKnownFileType = sourcecode.c.objc; name = "LocationData+CoreDataClass.m"; path = "SensorPlots/CoreData/LocationData+CoreDataClass.m"; sourceTree = "<group>"; };
		74DBED4A1E10F35B0021C3A9 /* LocationData+CoreDataProperties.h */ = {isa = PBXFileReference; fileEncoding = 4; lastKnownFileType = sourcecode.c.h; name = "LocationData+CoreDataProperties.h"; path = "SensorPlots/CoreData/LocationData+CoreDataProperties.h"; sourceTree = "<group>"; };
		74DBED4B1E10F35B0021C3A9 /* LocationData+CoreDataProperties.m */ = {isa = PBXFileReference; fileEncoding = 4; lastKnownFileType = sourcecode.c.objc; name = "LocationData+CoreDataProperties.m"; path = "SensorPlots/CoreData/LocationData+CoreDataProperties.m"; sourceTree = "<group>"; };
		74DBED4C1E10F35B0021C3A9 /* MagnetoData+CoreDataClass.h */ = {isa = PBXFileReference; fileEncoding = 4; lastKnownFileType = sourcecode.c.h; name = "MagnetoData+CoreDataClass.h"; path = "SensorPlots/CoreData/MagnetoData+CoreDataClass.h"; sourceTree = "<group>"; };
		74DBED4D1E10F35B0021C3A9 /* MagnetoData+CoreDataClass.m */ = {isa = PBXFileReference; fileEncoding = 4; lastKnownFileType = sourcecode.c.objc; name = "MagnetoData+CoreDataClass.m"; path = "SensorPlots/CoreData/MagnetoData+CoreDataClass.m"; sourceTree = "<group>"; };
		74DBED4E1E10F35B0021C3A9 /* MagnetoData+CoreDataProperties.h */ = {isa = PBXFileReference; fileEncoding = 4; lastKnownFileType = sourcecode.c.h; name = "MagnetoData+CoreDataProperties.h"; path = "SensorPlots/CoreData/MagnetoData+CoreDataProperties.h"; sourceTree = "<group>"; };
		74DBED4F1E10F35B0021C3A9 /* MagnetoData+CoreDataProperties.m */ = {isa = PBXFileReference; fileEncoding = 4; lastKnownFileType = sourcecode.c.objc; name = "MagnetoData+CoreDataProperties.m"; path = "SensorPlots/CoreData/MagnetoData+CoreDataProperties.m"; sourceTree = "<group>"; };
		74DBED501E10F35B0021C3A9 /* GyroSummary+CoreDataClass.h */ = {isa = PBXFileReference; fileEncoding = 4; lastKnownFileType = sourcecode.c.h; name = "GyroSummary+CoreDataClass.h"; path = "SensorPlots/CoreData/GyroSummary+CoreDataClass.h"; sourceTree = "<group>"; };
		74DBED511E10F35B0021C3A9 /* GyroSummary+CoreDataClass.m */ = {isa = PBXFileReference; fileEncoding = 4; lastKnownFileType = sourcecode.c.objc; name = "GyroSummary+CoreDataClass.m"; path = "SensorPlots/CoreData/GyroSummary+CoreDataClass.m"; sourceTree = "<group>"; };
		74DBED521E10F35B0021C3A9 /* GyroSummary+CoreDataProperties.h */ = {isa = PBXFileReference; fileEncoding = 4; lastKnownFileType = sourcecode.c.h; name = "GyroSummary+CoreDataProperties.h"; path = "SensorPlots/CoreData/GyroSummary+CoreDataProperties.h"; sourceTree = "<group>"; };
		74DBED531E10F35B0021C3A9 /* GyroSummary+CoreDataProperties.m */ = {isa = PBXFileReference; fileEncoding = 4; lastKnownFileType = sourcecode.c.objc; name = "GyroSummary+CoreDataProperties.m"; path = "SensorPlots/CoreData/GyroSummary+CoreDataProperties.m"; sourceTree = "<group>"; };
		760D65351969CFC89296A941 /* Pods-SensorPlots.release.xcconfig */ = {isa = PBXFileReference; includeInIndex = 1; lastKnownFileType = text.xcconfig; name = "Pods-SensorPlots.release.xcconfig"; path = "Pods/Target Support Files/Pods-SensorPlots/Pods-SensorPlots.release.xcconfig"; sourceTree = "<group>"; };
		FCF8C5865A6302D1C0B514D8 /* libPods-SensorPlots.a */ = {isa = PBXFileReference; explicitFileType = archive.ar; includeInIndex = 0; path = "libPods-SensorPlots.a"; sourceTree = BUILT_PRODUCTS_DIR; };
/* End PBXFileReference section */

/* Begin PBXFrameworksBuildPhase section */
		743014D21C6118760039DCA7 /* Frameworks */ = {
			isa = PBXFrameworksBuildPhase;
			buildActionMask = 2147483647;
			files = (
				74ADD60B1EE3566400DD3066 /* AdSupport.framework in Frameworks */,
				743015141C6190E20039DCA7 /* MessageUI.framework in Frameworks */,
				745A636F1D0DC2A8002CBCAD /* MapKit.framework in Frameworks */,
				579144D95AD92340C29732D4 /* libPods-SensorPlots.a in Frameworks */,
			);
			runOnlyForDeploymentPostprocessing = 0;
		};
/* End PBXFrameworksBuildPhase section */

/* Begin PBXGroup section */
		743014CC1C6118750039DCA7 = {
			isa = PBXGroup;
			children = (
				743014D71C6118760039DCA7 /* SensorPlots */,
				743014D61C6118760039DCA7 /* Products */,
				F144D997ECCF524F931C07AE /* Frameworks */,
				D8E69E8CA55036952B3E3B14 /* Pods */,
			);
			sourceTree = "<group>";
		};
		743014D61C6118760039DCA7 /* Products */ = {
			isa = PBXGroup;
			children = (
				743014D51C6118760039DCA7 /* SensorPlots.app */,
			);
			name = Products;
			sourceTree = "<group>";
		};
		743014D71C6118760039DCA7 /* SensorPlots */ = {
			isa = PBXGroup;
			children = (
				746C56331C62529F005984E2 /* SensorModels */,
				7430150F1C6190740039DCA7 /* Utilities */,
				743014DB1C6118760039DCA7 /* AppDelegate.h */,
				743014DC1C6118760039DCA7 /* AppDelegate.m */,
				743015001C6172A80039DCA7 /* CoreData */,
				743014F51C612CAB0039DCA7 /* VC */,
				743014E11C6118760039DCA7 /* Main.storyboard */,
				743014E91C6118760039DCA7 /* LaunchScreen.storyboard */,
				743014E71C6118760039DCA7 /* Assets.xcassets */,
				7420267F1C65E77B00CF262F /* SensorPlots.xcdatamodeld */,
				743014EC1C6118760039DCA7 /* Info.plist */,
				74AF85E61C69B5D900002B5F /* GoogleService-Info.plist */,
				743014D81C6118760039DCA7 /* Supporting Files */,
			);
			path = SensorPlots;
			sourceTree = "<group>";
		};
		743014D81C6118760039DCA7 /* Supporting Files */ = {
			isa = PBXGroup;
			children = (
				743014D91C6118760039DCA7 /* main.m */,
			);
			name = "Supporting Files";
			sourceTree = "<group>";
		};
		743014F51C612CAB0039DCA7 /* VC */ = {
			isa = PBXGroup;
			children = (
				743014F21C612CA40039DCA7 /* SPTAccelerometerVC.h */,
				743014F31C612CA40039DCA7 /* SPTAccelerometerVC.m */,
				749A386F1C6567C70061FF91 /* SPTAcclerometerRecordVC.h */,
				749A38701C6567C70061FF91 /* SPTAcclerometerRecordVC.m */,
				743014F91C612D0A0039DCA7 /* SPTGyroVC.h */,
				743014FA1C612D0A0039DCA7 /* SPTGyroVC.m */,
				746DD3111C63FA8C00200320 /* SPTMagnetoVC.h */,
				746DD3121C63FA8C00200320 /* SPTMagnetoVC.m */,
				740B6EAB1C89C7B600173D3D /* SPTGpsVC.h */,
				740B6EAC1C89C7B600173D3D /* SPTGpsVC.m */,
				7422D94C1D5F137100B3DDEF /* SPTSettingsTVC.h */,
				7422D94D1D5F137100B3DDEF /* SPTSettingsTVC.m */,
			);
			name = VC;
			sourceTree = "<group>";
		};
		743015001C6172A80039DCA7 /* CoreData */ = {
			isa = PBXGroup;
			children = (
				74DBED341E10F35B0021C3A9 /* LocationSummary+CoreDataClass.h */,
				74DBED351E10F35B0021C3A9 /* LocationSummary+CoreDataClass.m */,
				74DBED361E10F35B0021C3A9 /* LocationSummary+CoreDataProperties.h */,
				74DBED371E10F35B0021C3A9 /* LocationSummary+CoreDataProperties.m */,
				74DBED381E10F35B0021C3A9 /* MagnetoSummary+CoreDataClass.h */,
				74DBED391E10F35B0021C3A9 /* MagnetoSummary+CoreDataClass.m */,
				74DBED3A1E10F35B0021C3A9 /* MagnetoSummary+CoreDataProperties.h */,
				74DBED3B1E10F35B0021C3A9 /* MagnetoSummary+CoreDataProperties.m */,
				74DBED3C1E10F35B0021C3A9 /* AccelerometerSummary+CoreDataClass.h */,
				74DBED3D1E10F35B0021C3A9 /* AccelerometerSummary+CoreDataClass.m */,
				74DBED3E1E10F35B0021C3A9 /* AccelerometerSummary+CoreDataProperties.h */,
				74DBED3F1E10F35B0021C3A9 /* AccelerometerSummary+CoreDataProperties.m */,
				74DBED401E10F35B0021C3A9 /* AccelerometerData+CoreDataClass.h */,
				74DBED411E10F35B0021C3A9 /* AccelerometerData+CoreDataClass.m */,
				74DBED421E10F35B0021C3A9 /* AccelerometerData+CoreDataProperties.h */,
				74DBED431E10F35B0021C3A9 /* AccelerometerData+CoreDataProperties.m */,
				74DBED441E10F35B0021C3A9 /* GyroData+CoreDataClass.h */,
				74DBED451E10F35B0021C3A9 /* GyroData+CoreDataClass.m */,
				74DBED461E10F35B0021C3A9 /* GyroData+CoreDataProperties.h */,
				74DBED471E10F35B0021C3A9 /* GyroData+CoreDataProperties.m */,
				74DBED481E10F35B0021C3A9 /* LocationData+CoreDataClass.h */,
				74DBED491E10F35B0021C3A9 /* LocationData+CoreDataClass.m */,
				74DBED4A1E10F35B0021C3A9 /* LocationData+CoreDataProperties.h */,
				74DBED4B1E10F35B0021C3A9 /* LocationData+CoreDataProperties.m */,
				74DBED4C1E10F35B0021C3A9 /* MagnetoData+CoreDataClass.h */,
				74DBED4D1E10F35B0021C3A9 /* MagnetoData+CoreDataClass.m */,
				74DBED4E1E10F35B0021C3A9 /* MagnetoData+CoreDataProperties.h */,
				74DBED4F1E10F35B0021C3A9 /* MagnetoData+CoreDataProperties.m */,
				74DBED501E10F35B0021C3A9 /* GyroSummary+CoreDataClass.h */,
				74DBED511E10F35B0021C3A9 /* GyroSummary+CoreDataClass.m */,
				74DBED521E10F35B0021C3A9 /* GyroSummary+CoreDataProperties.h */,
				74DBED531E10F35B0021C3A9 /* GyroSummary+CoreDataProperties.m */,
			);
			name = CoreData;
			path = ..;
			sourceTree = "<group>";
		};
		7430150F1C6190740039DCA7 /* Utilities */ = {
			isa = PBXGroup;
			children = (
				746DD31A1C642CC000200320 /* SPTScatterPlotGraph.h */,
				746DD31B1C642CC000200320 /* SPTScatterPlotGraph.m */,
				746DD31D1C6486F500200320 /* ATOUtilities.h */,
				746DD31E1C6486F500200320 /* ATOUtilities.m */,
				742D5DA21C67C8D7005727F9 /* SPTConstants.h */,
				742D5DA31C67C8D7005727F9 /* SPTConstants.m */,
			);
			name = Utilities;
			sourceTree = "<group>";
		};
		746C56331C62529F005984E2 /* SensorModels */ = {
			isa = PBXGroup;
			children = (
				746C56371C625722005984E2 /* ATSMotionAccelerometerManagerDelegate.h */,
				746DD3001C63DCEA00200320 /* ATGyroMotionManagerDelegate.h */,
				746DD3101C63E5D400200320 /* ATMagnetoMotionManagerDelegate.h */,
				746C56341C625337005984E2 /* ATAccelerometerMotionManager.h */,
				746C56351C625337005984E2 /* ATAccelerometerMotionManager.m */,
				746DD2FC1C63CD8700200320 /* ATGyroMotionManager.h */,
				746DD2FD1C63CD8700200320 /* ATGyroMotionManager.m */,
				746DD30D1C63E5B500200320 /* ATMagnetoMotionManager.h */,
				746DD30E1C63E5B500200320 /* ATMagnetoMotionManager.m */,
				742D5D9F1C66C521005727F9 /* ATSensorData.h */,
				742D5DA01C66C521005727F9 /* ATSensorData.m */,
			);
			name = SensorModels;
			sourceTree = "<group>";
		};
		D8E69E8CA55036952B3E3B14 /* Pods */ = {
			isa = PBXGroup;
			children = (
				6B57EEE32B6F3834F7CEAF1D /* Pods-SensorPlots.debug.xcconfig */,
				760D65351969CFC89296A941 /* Pods-SensorPlots.release.xcconfig */,
			);
			name = Pods;
			sourceTree = "<group>";
		};
		F144D997ECCF524F931C07AE /* Frameworks */ = {
			isa = PBXGroup;
			children = (
				74ADD60A1EE3566400DD3066 /* AdSupport.framework */,
				745A636E1D0DC2A8002CBCAD /* MapKit.framework */,
				743015131C6190E20039DCA7 /* MessageUI.framework */,
				FCF8C5865A6302D1C0B514D8 /* libPods-SensorPlots.a */,
			);
			name = Frameworks;
			sourceTree = "<group>";
		};
/* End PBXGroup section */

/* Begin PBXNativeTarget section */
		743014D41C6118760039DCA7 /* SensorPlots */ = {
			isa = PBXNativeTarget;
			buildConfigurationList = 743014EF1C6118760039DCA7 /* Build configuration list for PBXNativeTarget "SensorPlots" */;
			buildPhases = (
				24C12AF160BBA0E53B2D5187 /* [CP] Check Pods Manifest.lock */,
				743014D11C6118760039DCA7 /* Sources */,
				743014D21C6118760039DCA7 /* Frameworks */,
				743014D31C6118760039DCA7 /* Resources */,
				8883BB0DF7750FA0F47A6CC4 /* [CP] Embed Pods Frameworks */,
				C5389EA4004FCFB49CBB876D /* [CP] Copy Pods Resources */,
			);
			buildRules = (
			);
			dependencies = (
			);
			name = SensorPlots;
			productName = SensorPlots;
			productReference = 743014D51C6118760039DCA7 /* SensorPlots.app */;
			productType = "com.apple.product-type.application";
		};
/* End PBXNativeTarget section */

/* Begin PBXProject section */
		743014CD1C6118750039DCA7 /* Project object */ = {
			isa = PBXProject;
			attributes = {
				LastUpgradeCheck = 0800;
				ORGANIZATIONNAME = "Ajay Thakur";
				TargetAttributes = {
					743014D41C6118760039DCA7 = {
						CreatedOnToolsVersion = 7.2;
						DevelopmentTeam = 489DFKYAU5;
						ProvisioningStyle = Automatic;
						SystemCapabilities = {
							com.apple.BackgroundModes = {
								enabled = 1;
							};
							com.apple.Maps.iOS = {
								enabled = 1;
							};
						};
					};
				};
			};
			buildConfigurationList = 743014D01C6118750039DCA7 /* Build configuration list for PBXProject "SensorPlots" */;
			compatibilityVersion = "Xcode 3.2";
			developmentRegion = English;
			hasScannedForEncodings = 0;
			knownRegions = (
				en,
				Base,
			);
			mainGroup = 743014CC1C6118750039DCA7;
			productRefGroup = 743014D61C6118760039DCA7 /* Products */;
			projectDirPath = "";
			projectRoot = "";
			targets = (
				743014D41C6118760039DCA7 /* SensorPlots */,
			);
		};
/* End PBXProject section */

/* Begin PBXResourcesBuildPhase section */
		743014D31C6118760039DCA7 /* Resources */ = {
			isa = PBXResourcesBuildPhase;
			buildActionMask = 2147483647;
			files = (
				743014EB1C6118760039DCA7 /* LaunchScreen.storyboard in Resources */,
				74AF85E71C69B5D900002B5F /* GoogleService-Info.plist in Resources */,
				743014E81C6118760039DCA7 /* Assets.xcassets in Resources */,
				743014E31C6118760039DCA7 /* Main.storyboard in Resources */,
			);
			runOnlyForDeploymentPostprocessing = 0;
		};
/* End PBXResourcesBuildPhase section */

/* Begin PBXShellScriptBuildPhase section */
		24C12AF160BBA0E53B2D5187 /* [CP] Check Pods Manifest.lock */ = {
			isa = PBXShellScriptBuildPhase;
			buildActionMask = 2147483647;
			files = (
			);
			inputPaths = (
			);
			name = "[CP] Check Pods Manifest.lock";
			outputPaths = (
			);
			runOnlyForDeploymentPostprocessing = 0;
			shellPath = /bin/sh;
			shellScript = "diff \"${PODS_PODFILE_DIR_PATH}/Podfile.lock\" \"${PODS_ROOT}/Manifest.lock\" > /dev/null\nif [ $? != 0 ] ; then\n    # print error to STDERR\n    echo \"error: The sandbox is not in sync with the Podfile.lock. Run 'pod install' or update your CocoaPods installation.\" >&2\n    exit 1\nfi\n";
			showEnvVarsInLog = 0;
		};
		8883BB0DF7750FA0F47A6CC4 /* [CP] Embed Pods Frameworks */ = {
			isa = PBXShellScriptBuildPhase;
			buildActionMask = 2147483647;
			files = (
			);
			inputPaths = (
			);
			name = "[CP] Embed Pods Frameworks";
			outputPaths = (
			);
			runOnlyForDeploymentPostprocessing = 0;
			shellPath = /bin/sh;
			shellScript = "\"${SRCROOT}/Pods/Target Support Files/Pods-SensorPlots/Pods-SensorPlots-frameworks.sh\"\n";
			showEnvVarsInLog = 0;
		};
		C5389EA4004FCFB49CBB876D /* [CP] Copy Pods Resources */ = {
			isa = PBXShellScriptBuildPhase;
			buildActionMask = 2147483647;
			files = (
			);
			inputPaths = (
			);
			name = "[CP] Copy Pods Resources";
			outputPaths = (
			);
			runOnlyForDeploymentPostprocessing = 0;
			shellPath = /bin/sh;
			shellScript = "\"${SRCROOT}/Pods/Target Support Files/Pods-SensorPlots/Pods-SensorPlots-resources.sh\"\n";
			showEnvVarsInLog = 0;
		};
/* End PBXShellScriptBuildPhase section */

/* Begin PBXSourcesBuildPhase section */
		743014D11C6118760039DCA7 /* Sources */ = {
			isa = PBXSourcesBuildPhase;
			buildActionMask = 2147483647;
			files = (
				746DD31F1C6486F500200320 /* ATOUtilities.m in Sources */,
				74DBED5C1E10F35B0021C3A9 /* GyroData+CoreDataClass.m in Sources */,
				749A38711C6567C70061FF91 /* SPTAcclerometerRecordVC.m in Sources */,
				746DD31C1C642CC000200320 /* SPTScatterPlotGraph.m in Sources */,
				74DBED541E10F35B0021C3A9 /* LocationSummary+CoreDataClass.m in Sources */,
				7422D94E1D5F137100B3DDEF /* SPTSettingsTVC.m in Sources */,
				743014DD1C6118760039DCA7 /* AppDelegate.m in Sources */,
				74DBED621E10F35B0021C3A9 /* GyroSummary+CoreDataClass.m in Sources */,
				74DBED591E10F35B0021C3A9 /* AccelerometerSummary+CoreDataProperties.m in Sources */,
				746DD30F1C63E5B500200320 /* ATMagnetoMotionManager.m in Sources */,
				74DBED631E10F35B0021C3A9 /* GyroSummary+CoreDataProperties.m in Sources */,
				74DBED551E10F35B0021C3A9 /* LocationSummary+CoreDataProperties.m in Sources */,
				74DBED5B1E10F35B0021C3A9 /* AccelerometerData+CoreDataProperties.m in Sources */,
				746DD2FE1C63CD8700200320 /* ATGyroMotionManager.m in Sources */,
				74DBED561E10F35B0021C3A9 /* MagnetoSummary+CoreDataClass.m in Sources */,
				742026811C65E77B00CF262F /* SensorPlots.xcdatamodeld in Sources */,
				74DBED5E1E10F35B0021C3A9 /* LocationData+CoreDataClass.m in Sources */,
				746C56361C625337005984E2 /* ATAccelerometerMotionManager.m in Sources */,
				74DBED581E10F35B0021C3A9 /* AccelerometerSummary+CoreDataClass.m in Sources */,
				74DBED601E10F35B0021C3A9 /* MagnetoData+CoreDataClass.m in Sources */,
				746DD3131C63FA8C00200320 /* SPTMagnetoVC.m in Sources */,
				743014F41C612CA40039DCA7 /* SPTAccelerometerVC.m in Sources */,
				74DBED5D1E10F35B0021C3A9 /* GyroData+CoreDataProperties.m in Sources */,
				74DBED571E10F35B0021C3A9 /* MagnetoSummary+CoreDataProperties.m in Sources */,
				740B6EAD1C89C7B600173D3D /* SPTGpsVC.m in Sources */,
				74DBED5A1E10F35B0021C3A9 /* AccelerometerData+CoreDataClass.m in Sources */,
				743014FB1C612D0A0039DCA7 /* SPTGyroVC.m in Sources */,
				743014DA1C6118760039DCA7 /* main.m in Sources */,
				742D5DA11C66C521005727F9 /* ATSensorData.m in Sources */,
				74DBED5F1E10F35B0021C3A9 /* LocationData+CoreDataProperties.m in Sources */,
				74DBED611E10F35B0021C3A9 /* MagnetoData+CoreDataProperties.m in Sources */,
				742D5DA41C67C8D7005727F9 /* SPTConstants.m in Sources */,
			);
			runOnlyForDeploymentPostprocessing = 0;
		};
/* End PBXSourcesBuildPhase section */

/* Begin PBXVariantGroup section */
		743014E11C6118760039DCA7 /* Main.storyboard */ = {
			isa = PBXVariantGroup;
			children = (
				743014E21C6118760039DCA7 /* Base */,
			);
			name = Main.storyboard;
			sourceTree = "<group>";
		};
		743014E91C6118760039DCA7 /* LaunchScreen.storyboard */ = {
			isa = PBXVariantGroup;
			children = (
				743014EA1C6118760039DCA7 /* Base */,
			);
			name = LaunchScreen.storyboard;
			sourceTree = "<group>";
		};
/* End PBXVariantGroup section */

/* Begin XCBuildConfiguration section */
		743014ED1C6118760039DCA7 /* Debug */ = {
			isa = XCBuildConfiguration;
			buildSettings = {
				ALWAYS_SEARCH_USER_PATHS = NO;
				CLANG_CXX_LANGUAGE_STANDARD = "gnu++0x";
				CLANG_CXX_LIBRARY = "libc++";
				CLANG_ENABLE_MODULES = YES;
				CLANG_ENABLE_OBJC_ARC = YES;
				CLANG_WARN_BOOL_CONVERSION = YES;
				CLANG_WARN_CONSTANT_CONVERSION = YES;
				CLANG_WARN_DIRECT_OBJC_ISA_USAGE = YES_ERROR;
				CLANG_WARN_EMPTY_BODY = YES;
				CLANG_WARN_ENUM_CONVERSION = YES;
				CLANG_WARN_INFINITE_RECURSION = YES;
				CLANG_WARN_INT_CONVERSION = YES;
				CLANG_WARN_OBJC_ROOT_CLASS = YES_ERROR;
				CLANG_WARN_SUSPICIOUS_MOVE = YES;
				CLANG_WARN_UNREACHABLE_CODE = YES;
				CLANG_WARN__DUPLICATE_METHOD_MATCH = YES;
				CODE_SIGN_IDENTITY = "iPhone Developer: Ajay Thakur (NA55VSYBX6)";
				"CODE_SIGN_IDENTITY[sdk=iphoneos*]" = "iPhone Developer: Ajay Thakur (NA55VSYBX6)";
				COPY_PHASE_STRIP = NO;
				DEBUG_INFORMATION_FORMAT = dwarf;
				ENABLE_STRICT_OBJC_MSGSEND = YES;
				ENABLE_TESTABILITY = YES;
				GCC_C_LANGUAGE_STANDARD = gnu99;
				GCC_DYNAMIC_NO_PIC = NO;
				GCC_NO_COMMON_BLOCKS = YES;
				GCC_OPTIMIZATION_LEVEL = 0;
				GCC_PREPROCESSOR_DEFINITIONS = (
					"DEBUG=1",
					"$(inherited)",
				);
				GCC_WARN_64_TO_32_BIT_CONVERSION = YES;
				GCC_WARN_ABOUT_RETURN_TYPE = YES_ERROR;
				GCC_WARN_UNDECLARED_SELECTOR = YES;
				GCC_WARN_UNINITIALIZED_AUTOS = YES_AGGRESSIVE;
				GCC_WARN_UNUSED_FUNCTION = YES;
				GCC_WARN_UNUSED_VARIABLE = YES;
				IPHONEOS_DEPLOYMENT_TARGET = 10.2;
				MTL_ENABLE_DEBUG_INFO = YES;
				ONLY_ACTIVE_ARCH = YES;
				SDKROOT = iphoneos;
				TARGETED_DEVICE_FAMILY = "1,2";
			};
			name = Debug;
		};
		743014EE1C6118760039DCA7 /* Release */ = {
			isa = XCBuildConfiguration;
			buildSettings = {
				ALWAYS_SEARCH_USER_PATHS = NO;
				CLANG_CXX_LANGUAGE_STANDARD = "gnu++0x";
				CLANG_CXX_LIBRARY = "libc++";
				CLANG_ENABLE_MODULES = YES;
				CLANG_ENABLE_OBJC_ARC = YES;
				CLANG_WARN_BOOL_CONVERSION = YES;
				CLANG_WARN_CONSTANT_CONVERSION = YES;
				CLANG_WARN_DIRECT_OBJC_ISA_USAGE = YES_ERROR;
				CLANG_WARN_EMPTY_BODY = YES;
				CLANG_WARN_ENUM_CONVERSION = YES;
				CLANG_WARN_INFINITE_RECURSION = YES;
				CLANG_WARN_INT_CONVERSION = YES;
				CLANG_WARN_OBJC_ROOT_CLASS = YES_ERROR;
				CLANG_WARN_SUSPICIOUS_MOVE = YES;
				CLANG_WARN_UNREACHABLE_CODE = YES;
				CLANG_WARN__DUPLICATE_METHOD_MATCH = YES;
				CODE_SIGN_IDENTITY = "iPhone Developer: Ajay Thakur (NA55VSYBX6)";
				"CODE_SIGN_IDENTITY[sdk=iphoneos*]" = "iPhone Developer: Ajay Thakur (NA55VSYBX6)";
				COPY_PHASE_STRIP = NO;
				DEBUG_INFORMATION_FORMAT = "dwarf-with-dsym";
				ENABLE_NS_ASSERTIONS = NO;
				ENABLE_STRICT_OBJC_MSGSEND = YES;
				GCC_C_LANGUAGE_STANDARD = gnu99;
				GCC_NO_COMMON_BLOCKS = YES;
				GCC_WARN_64_TO_32_BIT_CONVERSION = YES;
				GCC_WARN_ABOUT_RETURN_TYPE = YES_ERROR;
				GCC_WARN_UNDECLARED_SELECTOR = YES;
				GCC_WARN_UNINITIALIZED_AUTOS = YES_AGGRESSIVE;
				GCC_WARN_UNUSED_FUNCTION = YES;
				GCC_WARN_UNUSED_VARIABLE = YES;
				IPHONEOS_DEPLOYMENT_TARGET = 10.2;
				MTL_ENABLE_DEBUG_INFO = NO;
				SDKROOT = iphoneos;
				TARGETED_DEVICE_FAMILY = "1,2";
				VALIDATE_PRODUCT = YES;
			};
			name = Release;
		};
		743014F01C6118760039DCA7 /* Debug */ = {
			isa = XCBuildConfiguration;
			baseConfigurationReference = 6B57EEE32B6F3834F7CEAF1D /* Pods-SensorPlots.debug.xcconfig */;
			buildSettings = {
				ASSETCATALOG_COMPILER_APPICON_NAME = AppIcon;
				CODE_SIGN_IDENTITY = "iPhone Developer: Ajay Thakur (NA55VSYBX6)";
				"CODE_SIGN_IDENTITY[sdk=iphoneos*]" = "iPhone Developer";
				ENABLE_BITCODE = NO;
				HEADER_SEARCH_PATHS = (
					"$(inherited)",
					"\"${PODS_ROOT}/Headers/Public\"",
					"\"${PODS_ROOT}/Headers/Public/CorePlot\"/**",
				);
				INFOPLIST_FILE = SensorPlots/Info.plist;
				IPHONEOS_DEPLOYMENT_TARGET = 9.2;
				LD_RUNPATH_SEARCH_PATHS = "$(inherited) @executable_path/Frameworks";
				PRODUCT_BUNDLE_IDENTIFIER = com.psv.apps.ios.sensorplots;
				PRODUCT_NAME = "$(TARGET_NAME)";
			};
			name = Debug;
		};
		743014F11C6118760039DCA7 /* Release */ = {
			isa = XCBuildConfiguration;
			baseConfigurationReference = 760D65351969CFC89296A941 /* Pods-SensorPlots.release.xcconfig */;
			buildSettings = {
				ASSETCATALOG_COMPILER_APPICON_NAME = AppIcon;
				CODE_SIGN_IDENTITY = "iPhone Developer: Ajay Thakur (NA55VSYBX6)";
				"CODE_SIGN_IDENTITY[sdk=iphoneos*]" = "iPhone Developer";
				ENABLE_BITCODE = NO;
				HEADER_SEARCH_PATHS = (
					"$(inherited)",
					"\"${PODS_ROOT}/Headers/Public\"",
					"\"${PODS_ROOT}/Headers/Public/CorePlot\"/**",
				);
				INFOPLIST_FILE = SensorPlots/Info.plist;
				IPHONEOS_DEPLOYMENT_TARGET = 9.2;
				LD_RUNPATH_SEARCH_PATHS = "$(inherited) @executable_path/Frameworks";
				PRODUCT_BUNDLE_IDENTIFIER = com.psv.apps.ios.sensorplots;
				PRODUCT_NAME = "$(TARGET_NAME)";
			};
			name = Release;
		};
/* End XCBuildConfiguration section */

/* Begin XCConfigurationList section */
		743014D01C6118750039DCA7 /* Build configuration list for PBXProject "SensorPlots" */ = {
			isa = XCConfigurationList;
			buildConfigurations = (
				743014ED1C6118760039DCA7 /* Debug */,
				743014EE1C6118760039DCA7 /* Release */,
			);
			defaultConfigurationIsVisible = 0;
			defaultConfigurationName = Release;
		};
		743014EF1C6118760039DCA7 /* Build configuration list for PBXNativeTarget "SensorPlots" */ = {
			isa = XCConfigurationList;
			buildConfigurations = (
				743014F01C6118760039DCA7 /* Debug */,
				743014F11C6118760039DCA7 /* Release */,
			);
			defaultConfigurationIsVisible = 0;
			defaultConfigurationName = Release;
		};
/* End XCConfigurationList section */

/* Begin XCVersionGroup section */
		7420267F1C65E77B00CF262F /* SensorPlots.xcdatamodeld */ = {
			isa = XCVersionGroup;
			children = (
				744032271D864C02000AA9A7 /* SensorPlots 3.xcdatamodel */,
				7405ECE21D0CE78E00E532E4 /* SensorPlots 2.xcdatamodel */,
				742026801C65E77B00CF262F /* SensorPlots.xcdatamodel */,
			);
			currentVersion = 742026801C65E77B00CF262F /* SensorPlots.xcdatamodel */;
			path = SensorPlots.xcdatamodeld;
			sourceTree = "<group>";
			versionGroupType = wrapper.xcdatamodel;
		};
/* End XCVersionGroup section */
	};
	rootObject = 743014CD1C6118750039DCA7 /* Project object */;
}
